
Microsoft Visual Studio Solution File, Format Version 12.00
# Visual Studio Version 16
VisualStudioVersion = 16.0.33801.447
MinimumVisualStudioVersion = 10.0.40219.1
Project("{FAE04EC0-301F-11D3-BF4B-00C04F79EFBC}") = "OOP1", "OOP1\OOP1.csproj", "{5BB08EED-3D58-42A4-978B-C5AF5428446C}"
EndProject
Project("{FAE04EC0-301F-11D3-BF4B-00C04F79EFBC}") = "Koleksiyonlar", "Koleksiyonlar\Koleksiyonlar.csproj", "{170EF969-23EE-484D-B94A-93D4C866B062}"
EndProject
Project("{FAE04EC0-301F-11D3-BF4B-00C04F79EFBC}") = "GenericsIntro", "GenericsIntro\GenericsIntro.csproj", "{FA4F6F12-30EB-415B-B521-FD8E09E5E5BC}"
EndProject
Global
	GlobalSection(SolutionConfigurationPlatforms) = preSolution
		Debug|Any CPU = Debug|Any CPU
		Release|Any CPU = Release|Any CPU
	EndGlobalSection
	GlobalSection(ProjectConfigurationPlatforms) = postSolution
		{5BB08EED-3D58-42A4-978B-C5AF5428446C}.Debug|Any CPU.ActiveCfg = Debug|Any CPU
		{5BB08EED-3D58-42A4-978B-C5AF5428446C}.Debug|Any CPU.Build.0 = Debug|Any CPU
		{5BB08EED-3D58-42A4-978B-C5AF5428446C}.Release|Any CPU.ActiveCfg = Release|Any CPU
		{5BB08EED-3D58-42A4-978B-C5AF5428446C}.Release|Any CPU.Build.0 = Release|Any CPU
		{170EF969-23EE-484D-B94A-93D4C866B062}.Debug|Any CPU.ActiveCfg = Debug|Any CPU
		{170EF969-23EE-484D-B94A-93D4C866B062}.Debug|Any CPU.Build.0 = Debug|Any CPU
		{170EF969-23EE-484D-B94A-93D4C866B062}.Release|Any CPU.ActiveCfg = Release|Any CPU
		{170EF969-23EE-484D-B94A-93D4C866B062}.Release|Any CPU.Build.0 = Release|Any CPU
		{FA4F6F12-30EB-415B-B521-FD8E09E5E5BC}.Debug|Any CPU.ActiveCfg = Debug|Any CPU
		{FA4F6F12-30EB-415B-B521-FD8E09E5E5BC}.Debug|Any CPU.Build.0 = Debug|Any CPU
		{FA4F6F12-30EB-415B-B521-FD8E09E5E5BC}.Release|Any CPU.ActiveCfg = Release|Any CPU
		{FA4F6F12-30EB-415B-B521-FD8E09E5E5BC}.Release|Any CPU.Build.0 = Release|Any CPU
	EndGlobalSection
	GlobalSection(SolutionProperties) = preSolution
		HideSolutionNode = FALSE
	EndGlobalSection
	GlobalSection(ExtensibilityGlobals) = postSolution
		SolutionGuid = {94F12DFC-5F93-4678-B3CA-F7ADF9CFACA0}
	EndGlobalSection
EndGlobal
